Microsoft Visual Studio Solution File, Format Version 12.00
# Visual Studio Version 17
VisualStudioVersion = 17.3.32708.82
MinimumVisualStudioVersion = 10.0.40219.1
Project("{9A19103F-16F7-4668-BE54-9A1E7A4F7556}") = "Kaasa.Mds.NET", "Kaasa.Mds\Kaasa.Mds.NET.csproj", "{C72AC9C0-5F5D-471B-9C0E-A4CF876540A4}"
EndProject
Project("{9A19103F-16F7-4668-BE54-9A1E7A4F7556}") = "Kaasa.Mds.Xamarin", "Kaasa.Mds\Kaasa.Mds.Xamarin.csproj", "{09AA1CCF-8ACA-4D44-A45F-BDB4E5AE4BB6}"
EndProject
Global
	GlobalSection(SolutionConfigurationPlatforms) = preSolution
		Debug|Any CPU = Debug|Any CPU
		Release|Any CPU = Release|Any CPU
	EndGlobalSection
	GlobalSection(ProjectConfigurationPlatforms) = postSolution
		{C72AC9C0-5F5D-471B-9C0E-A4CF876540A4}.Debug|Any CPU.ActiveCfg = Debug|Any CPU
		{C72AC9C0-5F5D-471B-9C0E-A4CF876540A4}.Debug|Any CPU.Build.0 = Debug|Any CPU
		{C72AC9C0-5F5D-471B-9C0E-A4CF876540A4}.Release|Any CPU.ActiveCfg = Release|Any CPU
		{C72AC9C0-5F5D-471B-9C0E-A4CF876540A4}.Release|Any CPU.Build.0 = Release|Any CPU
		{09AA1CCF-8ACA-4D44-A45F-BDB4E5AE4BB6}.Debug|Any CPU.ActiveCfg = Debug|Any CPU
		{09AA1CCF-8ACA-4D44-A45F-BDB4E5AE4BB6}.Debug|Any CPU.Build.0 = Debug|Any CPU
		{09AA1CCF-8ACA-4D44-A45F-BDB4E5AE4BB6}.Release|Any CPU.ActiveCfg = Release|Any CPU
		{09AA1CCF-8ACA-4D44-A45F-BDB4E5AE4BB6}.Release|Any CPU.Build.0 = Release|Any CPU
	EndGlobalSection
	GlobalSection(SolutionProperties) = preSolution
		HideSolutionNode = FALSE
	EndGlobalSection
	GlobalSection(ExtensibilityGlobals) = postSolution
		SolutionGuid = {7290FF25-0A73-4F93-B4DA-D7AFAFE28E1A}
	EndGlobalSection
EndGlobal